
Microsoft Visual Studio Solution File, Format Version 12.00
# Visual Studio Version 17
VisualStudioVersion = 17.11.35312.102
MinimumVisualStudioVersion = 10.0.40219.1
Project("{9A19103F-16F7-4668-BE54-9A1E7A4F7556}") = "Program", "Program\Program.csproj", "{784033EB-2147-4822-969D-E17FB726CEA1}"
EndProject
Project("{9A19103F-16F7-4668-BE54-9A1E7A4F7556}") = "ScheepvaartBL", "Schip\ScheepvaartBL.csproj", "{73536189-48B9-4F11-9E1D-CACE10BB26FA}"
EndProject
Global
	GlobalSection(SolutionConfigurationPlatforms) = preSolution
		Debug|Any CPU = Debug|Any CPU
		Release|Any CPU = Release|Any CPU
	EndGlobalSection
	GlobalSection(ProjectConfigurationPlatforms) = postSolution
		{784033EB-2147-4822-969D-E17FB726CEA1}.Debug|Any CPU.ActiveCfg = Debug|Any CPU
		{784033EB-2147-4822-969D-E17FB726CEA1}.Debug|Any CPU.Build.0 = Debug|Any CPU
		{784033EB-2147-4822-969D-E17FB726CEA1}.Release|Any CPU.ActiveCfg = Release|Any CPU
		{784033EB-2147-4822-969D-E17FB726CEA1}.Release|Any CPU.Build.0 = Release|Any CPU
		{73536189-48B9-4F11-9E1D-CACE10BB26FA}.Debug|Any CPU.ActiveCfg = Debug|Any CPU
		{73536189-48B9-4F11-9E1D-CACE10BB26FA}.Debug|Any CPU.Build.0 = Debug|Any CPU
		{73536189-48B9-4F11-9E1D-CACE10BB26FA}.Release|Any CPU.ActiveCfg = Release|Any CPU
		{73536189-48B9-4F11-9E1D-CACE10BB26FA}.Release|Any CPU.Build.0 = Release|Any CPU
	EndGlobalSection
	GlobalSection(SolutionProperties) = preSolution
		HideSolutionNode = FALSE
	EndGlobalSection
	GlobalSection(ExtensibilityGlobals) = postSolution
		SolutionGuid = {489D8427-D8D0-40F3-9CF3-18C972FA40E3}
	EndGlobalSection
EndGlobal
